github.com/bgaudino/go-helpers v0.0.0-20230702205349-42493b2d33cc h1:jUD+YofaMP70HCpt0Z4FCoYuk9zpnN9pz6NQOLLdQjU=
github.com/bgaudino/go-helpers v0.0.0-20230702205349-42493b2d33cc/go.mod h1:nHKiKJ4UJSNI5xD/yPaZ8buwiwvGpKX7SZvBVHYARaA=
golang.org/x/exp v0.0.0-20230522175609-2e198f4a06a1 h1:k/i9J1pBpvlfR+9QsetwPyERsqu1GIbi967PQMq3Ivc=
golang.org/x/exp v0.0.0-20230522175609-2e198f4a06a1/go.mod h1:V1LtkGg67GoY2N1AnLN78QLrzxkLyJw7RJb1gzOOz9w=
